
Microsoft Visual Studio Solution File, Format Version 12.00
# Visual Studio Version 16
VisualStudioVersion = 16.0.32630.194
MinimumVisualStudioVersion = 10.0.40219.1
Project("{FAE04EC0-301F-11D3-BF4B-00C04F79EFBC}") = "KChat", "KChat\KChat.csproj", "{5A82FA4E-4B0F-48BA-9AE7-8E3FBBAEB066}"
EndProject
Global
	GlobalSection(SolutionConfigurationPlatforms) = preSolution
		Debug|Any CPU = Debug|Any CPU
		Release|Any CPU = Release|Any CPU
	EndGlobalSection
	GlobalSection(ProjectConfigurationPlatforms) = postSolution
		{5A82FA4E-4B0F-48BA-9AE7-8E3FBBAEB066}.Debug|Any CPU.ActiveCfg = Debug|Any CPU
		{5A82FA4E-4B0F-48BA-9AE7-8E3FBBAEB066}.Debug|Any CPU.Build.0 = Debug|Any CPU
		{5A82FA4E-4B0F-48BA-9AE7-8E3FBBAEB066}.Release|Any CPU.ActiveCfg = Release|Any CPU
		{5A82FA4E-4B0F-48BA-9AE7-8E3FBBAEB066}.Release|Any CPU.Build.0 = Release|Any CPU
	EndGlobalSection
	GlobalSection(SolutionProperties) = preSolution
		HideSolutionNode = FALSE
	EndGlobalSection
	GlobalSection(ExtensibilityGlobals) = postSolution
		SolutionGuid = {0D3E3988-0348-41D7-81D5-9F290212B237}
	EndGlobalSection
EndGlobal
